
Microsoft Visual Studio Solution File, Format Version 12.00
# Visual Studio 15
VisualStudioVersion = 15.0.27703.2026
MinimumVisualStudioVersion = 10.0.40219.1
Project("{FAE04EC0-301F-11D3-BF4B-00C04F79EFBC}") = "Anonn", "Anonn\Anonn.csproj", "{33ABB458-42E5-484A-8BD0-456516E89615}"
EndProject
Global
	GlobalSection(SolutionConfigurationPlatforms) = preSolution
		Debug|Any CPU = Debug|Any CPU
		Release|Any CPU = Release|Any CPU
	EndGlobalSection
	GlobalSection(ProjectConfigurationPlatforms) = postSolution
		{33ABB458-42E5-484A-8BD0-456516E89615}.Debug|Any CPU.ActiveCfg = Debug|Any CPU
		{33ABB458-42E5-484A-8BD0-456516E89615}.Debug|Any CPU.Build.0 = Debug|Any CPU
		{33ABB458-42E5-484A-8BD0-456516E89615}.Release|Any CPU.ActiveCfg = Release|Any CPU
		{33ABB458-42E5-484A-8BD0-456516E89615}.Release|Any CPU.Build.0 = Release|Any CPU
	EndGlobalSection
	GlobalSection(SolutionProperties) = preSolution
		HideSolutionNode = FALSE
	EndGlobalSection
	GlobalSection(ExtensibilityGlobals) = postSolution
		SolutionGuid = {7CABAC3C-2CE6-4F8C-AF50-374F50BA951E}
	EndGlobalSection
EndGlobal
